
Microsoft Visual Studio Solution File, Format Version 12.00
# Visual Studio Version 16
VisualStudioVersion = 16.0.30406.217
MinimumVisualStudioVersion = 10.0.40219.1
Project("{9A19103F-16F7-4668-BE54-9A1E7A4F7556}") = "TestFeatureFlags", "TestFeatureFlags.csproj", "{B7497580-B35D-4332-9732-54F23B955D0C}"
EndProject
Global
	GlobalSection(SolutionConfigurationPlatforms) = preSolution
		Debug|Any CPU = Debug|Any CPU
		Release|Any CPU = Release|Any CPU
	EndGlobalSection
	GlobalSection(ProjectConfigurationPlatforms) = postSolution
		{B7497580-B35D-4332-9732-54F23B955D0C}.Debug|Any CPU.ActiveCfg = Debug|Any CPU
		{B7497580-B35D-4332-9732-54F23B955D0C}.Debug|Any CPU.Build.0 = Debug|Any CPU
		{B7497580-B35D-4332-9732-54F23B955D0C}.Release|Any CPU.ActiveCfg = Release|Any CPU
		{B7497580-B35D-4332-9732-54F23B955D0C}.Release|Any CPU.Build.0 = Release|Any CPU
	EndGlobalSection
	GlobalSection(SolutionProperties) = preSolution
		HideSolutionNode = FALSE
	EndGlobalSection
	GlobalSection(ExtensibilityGlobals) = postSolution
		SolutionGuid = {E0B1F981-809A-4DD3-AB98-814A681990C4}
	EndGlobalSection
EndGlobal
